# This file is automatically @generated by Cargo.
# It is not intended for manual editing.
version = 4

[[package]]
name = "aalib-rs"
version = "0.0.0"
dependencies = [
 "c2rust-bitfields",
 "libc",
 "wrflib_x11_sys",
 "x11-dl",
]

[[package]]
name = "c2rust-bitfields"
version = "0.3.0"
source = "registry+https://github.com/rust-lang/crates.io-index"
checksum = "eb34f0c0ace43530b2df7f18bc69ee0c4082158aa451ece29602f8c841e73764"
dependencies = [
 "c2rust-bitfields-derive",
]

[[package]]
name = "c2rust-bitfields-derive"
version = "0.2.1"
source = "registry+https://github.com/rust-lang/crates.io-index"
checksum = "3dd1601a7b828ab874d890e5a895563ca8ad485bdd3d2a359f148c8b72537241"
dependencies = [
 "proc-macro2",
 "quote",
 "syn",
]

[[package]]
name = "libc"
version = "0.2.174"
source = "registry+https://github.com/rust-lang/crates.io-index"
checksum = "1171693293099992e19cddea4e8b849964e9846f4acee11b3948bcc337be8776"

[[package]]
name = "once_cell"
version = "1.21.3"
source = "registry+https://github.com/rust-lang/crates.io-index"
checksum = "42f5e15c9953c5e4ccceeb2e7382a716482c34515315f7b03532b8b4e8393d2d"

[[package]]
name = "pkg-config"
version = "0.3.32"
source = "registry+https://github.com/rust-lang/crates.io-index"
checksum = "7edddbd0b52d732b21ad9a5fab5c704c14cd949e5e9a1ec5929a24fded1b904c"

[[package]]
name = "proc-macro2"
version = "1.0.95"
source = "registry+https://github.com/rust-lang/crates.io-index"
checksum = "02b3e5e68a3a1a02aad3ec490a98007cbc13c37cbe84a3cd7b8e406d76e7f778"
dependencies = [
 "unicode-ident",
]

[[package]]
name = "quote"
version = "1.0.40"
source = "registry+https://github.com/rust-lang/crates.io-index"
checksum = "1885c039570dc00dcb4ff087a89e185fd56bae234ddc7f056a945bf36467248d"
dependencies = [
 "proc-macro2",
]

[[package]]
name = "syn"
version = "1.0.109"
source = "registry+https://github.com/rust-lang/crates.io-index"
checksum = "72b64191b275b66ffe2469e8af2c1cfe3bafa67b529ead792a6d0160888b4237"
dependencies = [
 "proc-macro2",
 "quote",
 "unicode-ident",
]

[[package]]
name = "unicode-ident"
version = "1.0.18"
source = "registry+https://github.com/rust-lang/crates.io-index"
checksum = "5a5f39404a5da50712a4c1eecf25e90dd62b613502b7e925fd4e4d19b5c96512"

[[package]]
name = "wrflib_x11_sys"
version = "0.0.3"
source = "registry+https://github.com/rust-lang/crates.io-index"
checksum = "1bb8734a9a94a4feb9c54f12bc391b8f0adb5ab5594927e35674d35fe452583f"

[[package]]
name = "x11-dl"
version = "2.21.0"
source = "registry+https://github.com/rust-lang/crates.io-index"
checksum = "38735924fedd5314a6e548792904ed8c6de6636285cb9fec04d5b1db85c1516f"
dependencies = [
 "libc",
 "once_cell",
 "pkg-config",
]
